
Microsoft Visual Studio Solution File, Format Version 12.00
# Visual Studio Version 16
VisualStudioVersion = 16.0.30225.117
MinimumVisualStudioVersion = 10.0.40219.1
Project("{FAE04EC0-301F-11D3-BF4B-00C04F79EFBC}") = "WebAppForPractice", "WebAppForPractice.csproj", "{57815FA4-A92E-4EDB-BAC7-AF6BF562F693}"
EndProject
Global
	GlobalSection(SolutionConfigurationPlatforms) = preSolution
		Debug|Any CPU = Debug|Any CPU
		Release|Any CPU = Release|Any CPU
	EndGlobalSection
	GlobalSection(ProjectConfigurationPlatforms) = postSolution
		{57815FA4-A92E-4EDB-BAC7-AF6BF562F693}.Debug|Any CPU.ActiveCfg = Debug|Any CPU
		{57815FA4-A92E-4EDB-BAC7-AF6BF562F693}.Debug|Any CPU.Build.0 = Debug|Any CPU
		{57815FA4-A92E-4EDB-BAC7-AF6BF562F693}.Release|Any CPU.ActiveCfg = Release|Any CPU
		{57815FA4-A92E-4EDB-BAC7-AF6BF562F693}.Release|Any CPU.Build.0 = Release|Any CPU
	EndGlobalSection
	GlobalSection(SolutionProperties) = preSolution
		HideSolutionNode = FALSE
	EndGlobalSection
	GlobalSection(ExtensibilityGlobals) = postSolution
		SolutionGuid = {17916B37-EF03-48BA-8539-83A89431318D}
	EndGlobalSection
EndGlobal
